// !$*UTF8*$!
{
	archiveVersion = 1;
	classes = {
	};
	objectVersion = 55;
	objects = {

/* Begin PBXBuildFile section */
		2694280115D74C5CA31EB18E /* Pods_Notebook360Tests.framework in Frameworks */ = {isa = PBXBuildFile; fileRef = 3EE37CD6CCEA4B4DBC015432 /* Pods_Notebook360Tests.framework */; };
		316420917A49DD34A55B592F /* Pods_Notebook360.framework in Frameworks */ = {isa = PBXBuildFile; fileRef = E5E031789C2B86CB88146900 /* Pods_Notebook360.framework */; };
		6D060C8428D36B2D00CBE45C /* Singleton.swift in Sources */ = {isa = PBXBuildFile; fileRef = 6D060C8328D36B2D00CBE45C /* Singleton.swift */; };
		6D29E82829049085009ECD55 /* PersistentCoreModel.xcdatamodeld in Sources */ = {isa = PBXBuildFile; fileRef = 6D29E82629049085009ECD55 /* PersistentCoreModel.xcdatamodeld */; };
		6D29E835290493A8009ECD55 /* CorePage+CoreDataProperties.swift in Sources */ = {isa = PBXBuildFile; fileRef = 6D29E832290493A8009ECD55 /* CorePage+CoreDataProperties.swift */; };
		6D29E836290493A8009ECD55 /* CoreBook+CoreDataProperties.swift in Sources */ = {isa = PBXBuildFile; fileRef = 6D29E831290493A8009ECD55 /* CoreBook+CoreDataProperties.swift */; };
		6D29E837290493A8009ECD55 /* CorePage+CoreDataClass.swift in Sources */ = {isa = PBXBuildFile; fileRef = 6D29E833290493A8009ECD55 /* CorePage+CoreDataClass.swift */; };
		6D29E838290493A8009ECD55 /* CoreBook+CoreDataClass.swift in Sources */ = {isa = PBXBuildFile; fileRef = 6D29E834290493A8009ECD55 /* CoreBook+CoreDataClass.swift */; };
		6DBDEC7328BD1E1B0057CA5C /* AppDelegate.swift in Sources */ = {isa = PBXBuildFile; fileRef = 6DBDEC7228BD1E1B0057CA5C /* AppDelegate.swift */; };
		6DBDEC7528BD1E1B0057CA5C /* SceneDelegate.swift in Sources */ = {isa = PBXBuildFile; fileRef = 6DBDEC7428BD1E1B0057CA5C /* SceneDelegate.swift */; };
		6DBDEC7728BD1E1B0057CA5C /* HomeVC.swift in Sources */ = {isa = PBXBuildFile; fileRef = 6DBDEC7628BD1E1B0057CA5C /* HomeVC.swift */; };
		6DBDEC7A28BD1E1B0057CA5C /* Main.storyboard in Resources */ = {isa = PBXBuildFile; fileRef = 6DBDEC7828BD1E1B0057CA5C /* Main.storyboard */; };
		6DBDEC7C28BD1E1B0057CA5C /* Assets.xcassets in Resources */ = {isa = PBXBuildFile; fileRef = 6DBDEC7B28BD1E1B0057CA5C /* Assets.xcassets */; };
		6DBDEC7F28BD1E1B0057CA5C /* LaunchScreen.storyboard in Resources */ = {isa = PBXBuildFile; fileRef = 6DBDEC7D28BD1E1B0057CA5C /* LaunchScreen.storyboard */; };
		6DBDEC8A28BD1E1B0057CA5C /* Notebook360Tests.swift in Sources */ = {isa = PBXBuildFile; fileRef = 6DBDEC8928BD1E1B0057CA5C /* Notebook360Tests.swift */; };
		6DBDEC9428BD1E1B0057CA5C /* Notebook360UITests.swift in Sources */ = {isa = PBXBuildFile; fileRef = 6DBDEC9328BD1E1B0057CA5C /* Notebook360UITests.swift */; };
		6DBDEC9628BD1E1B0057CA5C /* Notebook360UITestsLaunchTests.swift in Sources */ = {isa = PBXBuildFile; fileRef = 6DBDEC9528BD1E1B0057CA5C /* Notebook360UITestsLaunchTests.swift */; };
		6DBDECA628BD22F70057CA5C /* FirebaseAuth in Frameworks */ = {isa = PBXBuildFile; productRef = 6DBDECA528BD22F70057CA5C /* FirebaseAuth */; };
		6DBDECA828BD22F70057CA5C /* FirebaseAuthCombine-Community in Frameworks */ = {isa = PBXBuildFile; productRef = 6DBDECA728BD22F70057CA5C /* FirebaseAuthCombine-Community */; };
		6DBDECAA28BD22F70057CA5C /* FirebaseDatabase in Frameworks */ = {isa = PBXBuildFile; productRef = 6DBDECA928BD22F70057CA5C /* FirebaseDatabase */; };
		6DBDECAC28BD22F70057CA5C /* FirebaseDatabaseSwift in Frameworks */ = {isa = PBXBuildFile; productRef = 6DBDECAB28BD22F70057CA5C /* FirebaseDatabaseSwift */; };
		6DBDECAE28BD22F70057CA5C /* FirebaseFirestore in Frameworks */ = {isa = PBXBuildFile; productRef = 6DBDECAD28BD22F70057CA5C /* FirebaseFirestore */; };
		6DBDECB028BD22F70057CA5C /* FirebaseFirestoreSwift in Frameworks */ = {isa = PBXBuildFile; productRef = 6DBDECAF28BD22F70057CA5C /* FirebaseFirestoreSwift */; };
		6DBDECB228BD22F70057CA5C /* FirebaseFunctions in Frameworks */ = {isa = PBXBuildFile; productRef = 6DBDECB128BD22F70057CA5C /* FirebaseFunctions */; };
		6DBDECB428BD22F70057CA5C /* FirebaseMessaging in Frameworks */ = {isa = PBXBuildFile; productRef = 6DBDECB328BD22F70057CA5C /* FirebaseMessaging */; };
		6DBDECB628BD22F70057CA5C /* FirebaseStorage in Frameworks */ = {isa = PBXBuildFile; productRef = 6DBDECB528BD22F70057CA5C /* FirebaseStorage */; };
		6DBDECB828BD233B0057CA5C /* SignIn_SignUpVC.swift in Sources */ = {isa = PBXBuildFile; fileRef = 6DBDECB728BD233B0057CA5C /* SignIn_SignUpVC.swift */; };
		6DBDECBA28BD29490057CA5C /* GoogleService-Info.plist in Resources */ = {isa = PBXBuildFile; fileRef = 6DBDECB928BD29490057CA5C /* GoogleService-Info.plist */; };
		6DBDECBC28BD2E550057CA5C /* DatabaseLayer.swift in Sources */ = {isa = PBXBuildFile; fileRef = 6DBDECBB28BD2E550057CA5C /* DatabaseLayer.swift */; };
		6DBDECC028BD325D0057CA5C /* Page.swift in Sources */ = {isa = PBXBuildFile; fileRef = 6DBDECBF28BD325D0057CA5C /* Page.swift */; };
		6DBDECC428BD33340057CA5C /* PageViewModel.swift in Sources */ = {isa = PBXBuildFile; fileRef = 6DBDECC328BD33340057CA5C /* PageViewModel.swift */; };
		6DBDECC628BD6D620057CA5C /* Draw.swift in Sources */ = {isa = PBXBuildFile; fileRef = 6DBDECC528BD6D620057CA5C /* Draw.swift */; };
		6DBDECC828BD73100057CA5C /* PageCollectionViewCell.swift in Sources */ = {isa = PBXBuildFile; fileRef = 6DBDECC728BD73100057CA5C /* PageCollectionViewCell.swift */; };
		6DBDECCD28BD7C8A0057CA5C /* TypeVC.swift in Sources */ = {isa = PBXBuildFile; fileRef = 6DBDECCC28BD7C8A0057CA5C /* TypeVC.swift */; };
		6DBDECD128BD87860057CA5C /* DrawVC.swift in Sources */ = {isa = PBXBuildFile; fileRef = 6DBDECD028BD87860057CA5C /* DrawVC.swift */; };
		6DBDECDC28BED6FD0057CA5C /* RichEditorView in Frameworks */ = {isa = PBXBuildFile; productRef = 6DBDECDB28BED6FD0057CA5C /* RichEditorView */; };
		6DF51A922905FE5A00479E78 /* Pencil.swift in Sources */ = {isa = PBXBuildFile; fileRef = 6DF51A8F2905FE5A00479E78 /* Pencil.swift */; };
		6DF51A932905FE5A00479E78 /* PencilDrawVC.swift in Sources */ = {isa = PBXBuildFile; fileRef = 6DF51A902905FE5A00479E78 /* PencilDrawVC.swift */; };
		6DF51A942905FE5A00479E78 /* SettingsViewController.swift in Sources */ = {isa = PBXBuildFile; fileRef = 6DF51A912905FE5A00479E78 /* SettingsViewController.swift */; };
		6DF51A962906029B00479E78 /* DrawTypeViewController.swift in Sources */ = {isa = PBXBuildFile; fileRef = 6DF51A952906029B00479E78 /* DrawTypeViewController.swift */; };
		C38ABC490AF9BCAB0DD97C9A /* Pods_Notebook360_Notebook360UITests.framework in Frameworks */ = {isa = PBXBuildFile; fileRef = F3CA076326BD5103B915E2AF /* Pods_Notebook360_Notebook360UITests.framework */; };
/* End PBXBuildFile section */

/* Begin PBXContainerItemProxy section */
		6DBDEC8628BD1E1B0057CA5C /* PBXContainerItemProxy */ = {
			isa = PBXContainerItemProxy;
			containerPortal = 6DBDEC6728BD1E1A0057CA5C /* Project object */;
			proxyType = 1;
			remoteGlobalIDString = 6DBDEC6E28BD1E1B0057CA5C;
			remoteInfo = Notebook360;
		};
		6DBDEC9028BD1E1B0057CA5C /* PBXContainerItemProxy */ = {
			isa = PBXContainerItemProxy;
			containerPortal = 6DBDEC6728BD1E1A0057CA5C /* Project object */;
			proxyType = 1;
			remoteGlobalIDString = 6DBDEC6E28BD1E1B0057CA5C;
			remoteInfo = Notebook360;
		};
/* End PBXContainerItemProxy section */

/* Begin PBXFileReference section */
		11835CC6DA39B4232E5BF4DA /* Pods-Notebook360Tests.release.xcconfig */ = {isa = PBXFileReference; includeInIndex = 1; lastKnownFileType = text.xcconfig; name = "Pods-Notebook360Tests.release.xcconfig"; path = "Target Support Files/Pods-Notebook360Tests/Pods-Notebook360Tests.release.xcconfig"; sourceTree = "<group>"; };
		19FCA3E982E42298247FF359 /* Pods-Notebook360.release.xcconfig */ = {isa = PBXFileReference; includeInIndex = 1; lastKnownFileType = text.xcconfig; name = "Pods-Notebook360.release.xcconfig"; path = "Target Support Files/Pods-Notebook360/Pods-Notebook360.release.xcconfig"; sourceTree = "<group>"; };
		3EE37CD6CCEA4B4DBC015432 /* Pods_Notebook360Tests.framework */ = {isa = PBXFileReference; explicitFileType = wrapper.framework; includeInIndex = 0; path = Pods_Notebook360Tests.framework; sourceTree = BUILT_PRODUCTS_DIR; };
		614B5A33DC15119F2B4EBA5E /* Pods-Notebook360-Notebook360UITests.release.xcconfig */ = {isa = PBXFileReference; includeInIndex = 1; lastKnownFileType = text.xcconfig; name = "Pods-Notebook360-Notebook360UITests.release.xcconfig"; path = "Target Support Files/Pods-Notebook360-Notebook360UITests/Pods-Notebook360-Notebook360UITests.release.xcconfig"; sourceTree = "<group>"; };
		6D060C8328D36B2D00CBE45C /* Singleton.swift */ = {isa = PBXFileReference; lastKnownFileType = sourcecode.swift; path = Singleton.swift; sourceTree = "<group>"; };
		6D29E82729049085009ECD55 /* PersistentCoreModel.xcdatamodel */ = {isa = PBXFileReference; lastKnownFileType = wrapper.xcdatamodel; path = PersistentCoreModel.xcdatamodel; sourceTree = "<group>"; };
		6D29E831290493A8009ECD55 /* CoreBook+CoreDataProperties.swift */ = {isa = PBXFileReference; lastKnownFileType = sourcecode.swift; name = "CoreBook+CoreDataProperties.swift"; path = "/Users/radokuzor@pgatourhq.com/Desktop/Notebook360/Notebook360/Model/CoreBook+CoreDataProperties.swift"; sourceTree = "<absolute>"; };
		6D29E832290493A8009ECD55 /* CorePage+CoreDataProperties.swift */ = {isa = PBXFileReference; lastKnownFileType = sourcecode.swift; name = "CorePage+CoreDataProperties.swift"; path = "/Users/radokuzor@pgatourhq.com/Desktop/Notebook360/Notebook360/Model/CorePage+CoreDataProperties.swift"; sourceTree = "<absolute>"; };
		6D29E833290493A8009ECD55 /* CorePage+CoreDataClass.swift */ = {isa = PBXFileReference; lastKnownFileType = sourcecode.swift; name = "CorePage+CoreDataClass.swift"; path = "/Users/radokuzor@pgatourhq.com/Desktop/Notebook360/Notebook360/Model/CorePage+CoreDataClass.swift"; sourceTree = "<absolute>"; };
		6D29E834290493A8009ECD55 /* CoreBook+CoreDataClass.swift */ = {isa = PBXFileReference; lastKnownFileType = sourcecode.swift; name = "CoreBook+CoreDataClass.swift"; path = "/Users/radokuzor@pgatourhq.com/Desktop/Notebook360/Notebook360/Model/CoreBook+CoreDataClass.swift"; sourceTree = "<absolute>"; };
		6DBDEC6F28BD1E1B0057CA5C /* Notebook360.app */ = {isa = PBXFileReference; explicitFileType = wrapper.application; includeInIndex = 0; path = Notebook360.app; sourceTree = BUILT_PRODUCTS_DIR; };
		6DBDEC7228BD1E1B0057CA5C /* AppDelegate.swift */ = {isa = PBXFileReference; lastKnownFileType = sourcecode.swift; path = AppDelegate.swift; sourceTree = "<group>"; };
		6DBDEC7428BD1E1B0057CA5C /* SceneDelegate.swift */ = {isa = PBXFileReference; lastKnownFileType = sourcecode.swift; path = SceneDelegate.swift; sourceTree = "<group>"; };
		6DBDEC7628BD1E1B0057CA5C /* HomeVC.swift */ = {isa = PBXFileReference; lastKnownFileType = sourcecode.swift; path = HomeVC.swift; sourceTree = "<group>"; };
		6DBDEC7928BD1E1B0057CA5C /* Base */ = {isa = PBXFileReference; lastKnownFileType = file.storyboard; name = Base; path = Base.lproj/Main.storyboard; sourceTree = "<group>"; };
		6DBDEC7B28BD1E1B0057CA5C /* Assets.xcassets */ = {isa = PBXFileReference; lastKnownFileType = folder.assetcatalog; path = Assets.xcassets; sourceTree = "<group>"; };
		6DBDEC7E28BD1E1B0057CA5C /* Base */ = {isa = PBXFileReference; lastKnownFileType = file.storyboard; name = Base; path = Base.lproj/LaunchScreen.storyboard; sourceTree = "<group>"; };
		6DBDEC8028BD1E1B0057CA5C /* Info.plist */ = {isa = PBXFileReference; lastKnownFileType = text.plist.xml; path = Info.plist; sourceTree = "<group>"; };
		6DBDEC8528BD1E1B0057CA5C /* Notebook360Tests.xctest */ = {isa = PBXFileReference; explicitFileType = wrapper.cfbundle; includeInIndex = 0; path = Notebook360Tests.xctest; sourceTree = BUILT_PRODUCTS_DIR; };
		6DBDEC8928BD1E1B0057CA5C /* Notebook360Tests.swift */ = {isa = PBXFileReference; lastKnownFileType = sourcecode.swift; path = Notebook360Tests.swift; sourceTree = "<group>"; };
		6DBDEC8F28BD1E1B0057CA5C /* Notebook360UITests.xctest */ = {isa = PBXFileReference; explicitFileType = wrapper.cfbundle; includeInIndex = 0; path = Notebook360UITests.xctest; sourceTree = BUILT_PRODUCTS_DIR; };
		6DBDEC9328BD1E1B0057CA5C /* Notebook360UITests.swift */ = {isa = PBXFileReference; lastKnownFileType = sourcecode.swift; path = Notebook360UITests.swift; sourceTree = "<group>"; };
		6DBDEC9528BD1E1B0057CA5C /* Notebook360UITestsLaunchTests.swift */ = {isa = PBXFileReference; lastKnownFileType = sourcecode.swift; path = Notebook360UITestsLaunchTests.swift; sourceTree = "<group>"; };
		6DBDECB728BD233B0057CA5C /* SignIn_SignUpVC.swift */ = {isa = PBXFileReference; lastKnownFileType = sourcecode.swift; path = SignIn_SignUpVC.swift; sourceTree = "<group>"; };
		6DBDECB928BD29490057CA5C /* GoogleService-Info.plist */ = {isa = PBXFileReference; fileEncoding = 4; lastKnownFileType = text.plist.xml; path = "GoogleService-Info.plist"; sourceTree = "<group>"; };
		6DBDECBB28BD2E550057CA5C /* DatabaseLayer.swift */ = {isa = PBXFileReference; lastKnownFileType = sourcecode.swift; path = DatabaseLayer.swift; sourceTree = "<group>"; };
		6DBDECBF28BD325D0057CA5C /* Page.swift */ = {isa = PBXFileReference; lastKnownFileType = sourcecode.swift; path = Page.swift; sourceTree = "<group>"; };
		6DBDECC328BD33340057CA5C /* PageViewModel.swift */ = {isa = PBXFileReference; lastKnownFileType = sourcecode.swift; path = PageViewModel.swift; sourceTree = "<group>"; };
		6DBDECC528BD6D620057CA5C /* Draw.swift */ = {isa = PBXFileReference; lastKnownFileType = sourcecode.swift; path = Draw.swift; sourceTree = "<group>"; };
		6DBDECC728BD73100057CA5C /* PageCollectionViewCell.swift */ = {isa = PBXFileReference; lastKnownFileType = sourcecode.swift; path = PageCollectionViewCell.swift; sourceTree = "<group>"; };
		6DBDECCC28BD7C8A0057CA5C /* TypeVC.swift */ = {isa = PBXFileReference; lastKnownFileType = sourcecode.swift; path = TypeVC.swift; sourceTree = "<group>"; };
		6DBDECD028BD87860057CA5C /* DrawVC.swift */ = {isa = PBXFileReference; lastKnownFileType = sourcecode.swift; path = DrawVC.swift; sourceTree = "<group>"; };
		6DF51A8F2905FE5A00479E78 /* Pencil.swift */ = {isa = PBXFileReference; fileEncoding = 4; lastKnownFileType = sourcecode.swift; path = Pencil.swift; sourceTree = "<group>"; };
		6DF51A902905FE5A00479E78 /* PencilDrawVC.swift */ = {isa = PBXFileReference; fileEncoding = 4; lastKnownFileType = sourcecode.swift; path = PencilDrawVC.swift; sourceTree = "<group>"; };
		6DF51A912905FE5A00479E78 /* SettingsViewController.swift */ = {isa = PBXFileReference; fileEncoding = 4; lastKnownFileType = sourcecode.swift; path = SettingsViewController.swift; sourceTree = "<group>"; };
		6DF51A952906029B00479E78 /* DrawTypeViewController.swift */ = {isa = PBXFileReference; lastKnownFileType = sourcecode.swift; path = DrawTypeViewController.swift; sourceTree = "<group>"; };
		8D7FAB1F095D2DAEB07AE76D /* Pods-Notebook360Tests.debug.xcconfig */ = {isa = PBXFileReference; includeInIndex = 1; lastKnownFileType = text.xcconfig; name = "Pods-Notebook360Tests.debug.xcconfig"; path = "Target Support Files/Pods-Notebook360Tests/Pods-Notebook360Tests.debug.xcconfig"; sourceTree = "<group>"; };
		E03156E0E59A07E7AB36D960 /* Pods-Notebook360.debug.xcconfig */ = {isa = PBXFileReference; includeInIndex = 1; lastKnownFileType = text.xcconfig; name = "Pods-Notebook360.debug.xcconfig"; path = "Target Support Files/Pods-Notebook360/Pods-Notebook360.debug.xcconfig"; sourceTree = "<group>"; };
		E5E031789C2B86CB88146900 /* Pods_Notebook360.framework */ = {isa = PBXFileReference; explicitFileType = wrapper.framework; includeInIndex = 0; path = Pods_Notebook360.framework; sourceTree = BUILT_PRODUCTS_DIR; };
		F28775DA1FAA2FF1388F59C9 /* Pods-Notebook360-Notebook360UITests.debug.xcconfig */ = {isa = PBXFileReference; includeInIndex = 1; lastKnownFileType = text.xcconfig; name = "Pods-Notebook360-Notebook360UITests.debug.xcconfig"; path = "Target Support Files/Pods-Notebook360-Notebook360UITests/Pods-Notebook360-Notebook360UITests.debug.xcconfig"; sourceTree = "<group>"; };
		F3CA076326BD5103B915E2AF /* Pods_Notebook360_Notebook360UITests.framework */ = {isa = PBXFileReference; explicitFileType = wrapper.framework; includeInIndex = 0; path = Pods_Notebook360_Notebook360UITests.framework; sourceTree = BUILT_PRODUCTS_DIR; };
/* End PBXFileReference section */

/* Begin PBXFrameworksBuildPhase section */
		6DBDEC6C28BD1E1B0057CA5C /* Frameworks */ = {
			isa = PBXFrameworksBuildPhase;
			buildActionMask = 2147483647;
			files = (
				6DBDECB428BD22F70057CA5C /* FirebaseMessaging in Frameworks */,
				6DBDECAC28BD22F70057CA5C /* FirebaseDatabaseSwift in Frameworks */,
				6DBDECB628BD22F70057CA5C /* FirebaseStorage in Frameworks */,
				6DBDECA828BD22F70057CA5C /* FirebaseAuthCombine-Community in Frameworks */,
				6DBDECB228BD22F70057CA5C /* FirebaseFunctions in Frameworks */,
				6DBDECB028BD22F70057CA5C /* FirebaseFirestoreSwift in Frameworks */,
				6DBDECAA28BD22F70057CA5C /* FirebaseDatabase in Frameworks */,
				6DBDECA628BD22F70057CA5C /* FirebaseAuth in Frameworks */,
				6DBDECAE28BD22F70057CA5C /* FirebaseFirestore in Frameworks */,
				6DBDECDC28BED6FD0057CA5C /* RichEditorView in Frameworks */,
				316420917A49DD34A55B592F /* Pods_Notebook360.framework in Frameworks */,
			);
			runOnlyForDeploymentPostprocessing = 0;
		};
		6DBDEC8228BD1E1B0057CA5C /* Frameworks */ = {
			isa = PBXFrameworksBuildPhase;
			buildActionMask = 2147483647;
			files = (
				2694280115D74C5CA31EB18E /* Pods_Notebook360Tests.framework in Frameworks */,
			);
			runOnlyForDeploymentPostprocessing = 0;
		};
		6DBDEC8C28BD1E1B0057CA5C /* Frameworks */ = {
			isa = PBXFrameworksBuildPhase;
			buildActionMask = 2147483647;
			files = (
				C38ABC490AF9BCAB0DD97C9A /* Pods_Notebook360_Notebook360UITests.framework in Frameworks */,
			);
			runOnlyForDeploymentPostprocessing = 0;
		};
/* End PBXFrameworksBuildPhase section */

/* Begin PBXGroup section */
		324E6593C27D1EAC1FD9E8D4 /* Frameworks */ = {
			isa = PBXGroup;
			children = (
				E5E031789C2B86CB88146900 /* Pods_Notebook360.framework */,
				F3CA076326BD5103B915E2AF /* Pods_Notebook360_Notebook360UITests.framework */,
				3EE37CD6CCEA4B4DBC015432 /* Pods_Notebook360Tests.framework */,
			);
			name = Frameworks;
			sourceTree = "<group>";
		};
		53AB5193342E2625BAD5DBDD /* Pods */ = {
			isa = PBXGroup;
			children = (
				E03156E0E59A07E7AB36D960 /* Pods-Notebook360.debug.xcconfig */,
				19FCA3E982E42298247FF359 /* Pods-Notebook360.release.xcconfig */,
				F28775DA1FAA2FF1388F59C9 /* Pods-Notebook360-Notebook360UITests.debug.xcconfig */,
				614B5A33DC15119F2B4EBA5E /* Pods-Notebook360-Notebook360UITests.release.xcconfig */,
				8D7FAB1F095D2DAEB07AE76D /* Pods-Notebook360Tests.debug.xcconfig */,
				11835CC6DA39B4232E5BF4DA /* Pods-Notebook360Tests.release.xcconfig */,
			);
			path = Pods;
			sourceTree = "<group>";
		};
		6DBDEC6628BD1E1A0057CA5C = {
			isa = PBXGroup;
			children = (
				6DBDEC7128BD1E1B0057CA5C /* Notebook360 */,
				6DBDEC8828BD1E1B0057CA5C /* Notebook360Tests */,
				6DBDEC9228BD1E1B0057CA5C /* Notebook360UITests */,
				6DBDEC7028BD1E1B0057CA5C /* Products */,
				53AB5193342E2625BAD5DBDD /* Pods */,
				324E6593C27D1EAC1FD9E8D4 /* Frameworks */,
			);
			sourceTree = "<group>";
		};
		6DBDEC7028BD1E1B0057CA5C /* Products */ = {
			isa = PBXGroup;
			children = (
				6DBDEC6F28BD1E1B0057CA5C /* Notebook360.app */,
				6DBDEC8528BD1E1B0057CA5C /* Notebook360Tests.xctest */,
				6DBDEC8F28BD1E1B0057CA5C /* Notebook360UITests.xctest */,
			);
			name = Products;
			sourceTree = "<group>";
		};
		6DBDEC7128BD1E1B0057CA5C /* Notebook360 */ = {
			isa = PBXGroup;
			children = (
				6DBDEC7228BD1E1B0057CA5C /* AppDelegate.swift */,
				6DBDECC128BD32770057CA5C /* ViewModel */,
				6DBDECBE28BD324B0057CA5C /* Model */,
				6DBDECC928BD73170057CA5C /* View */,
				6DBDECBD28BD31280057CA5C /* ViewController */,
				6DBDECC228BD32990057CA5C /* APIService */,
				6DBDEC7428BD1E1B0057CA5C /* SceneDelegate.swift */,
				6DBDEC7828BD1E1B0057CA5C /* Main.storyboard */,
				6DBDEC7B28BD1E1B0057CA5C /* Assets.xcassets */,
				6DBDEC7D28BD1E1B0057CA5C /* LaunchScreen.storyboard */,
				6DBDEC8028BD1E1B0057CA5C /* Info.plist */,
				6DBDECB928BD29490057CA5C /* GoogleService-Info.plist */,
			);
			path = Notebook360;
			sourceTree = "<group>";
		};
		6DBDEC8828BD1E1B0057CA5C /* Notebook360Tests */ = {
			isa = PBXGroup;
			children = (
				6DBDEC8928BD1E1B0057CA5C /* Notebook360Tests.swift */,
			);
			path = Notebook360Tests;
			sourceTree = "<group>";
		};
		6DBDEC9228BD1E1B0057CA5C /* Notebook360UITests */ = {
			isa = PBXGroup;
			children = (
				6DBDEC9328BD1E1B0057CA5C /* Notebook360UITests.swift */,
				6DBDEC9528BD1E1B0057CA5C /* Notebook360UITestsLaunchTests.swift */,
			);
			path = Notebook360UITests;
			sourceTree = "<group>";
		};
		6DBDECBD28BD31280057CA5C /* ViewController */ = {
			isa = PBXGroup;
			children = (
				6DF51A97290602F000479E78 /* helper views */,
				6DBDECB728BD233B0057CA5C /* SignIn_SignUpVC.swift */,
				6DBDEC7628BD1E1B0057CA5C /* HomeVC.swift */,
				6DBDECCC28BD7C8A0057CA5C /* TypeVC.swift */,
				6DBDECD028BD87860057CA5C /* DrawVC.swift */,
				6DF51A952906029B00479E78 /* DrawTypeViewController.swift */,
			);
			path = ViewController;
			sourceTree = "<group>";
		};
		6DBDECBE28BD324B0057CA5C /* Model */ = {
			isa = PBXGroup;
			children = (
				6D29E833290493A8009ECD55 /* CorePage+CoreDataClass.swift */,
				6D29E832290493A8009ECD55 /* CorePage+CoreDataProperties.swift */,
				6D29E834290493A8009ECD55 /* CoreBook+CoreDataClass.swift */,
				6D29E831290493A8009ECD55 /* CoreBook+CoreDataProperties.swift */,
				6DBDECBF28BD325D0057CA5C /* Page.swift */,
				6DBDECC528BD6D620057CA5C /* Draw.swift */,
				6D29E82629049085009ECD55 /* PersistentCoreModel.xcdatamodeld */,
				6D060C8328D36B2D00CBE45C /* Singleton.swift */,
			);
			path = Model;
			sourceTree = "<group>";
		};
		6DBDECC128BD32770057CA5C /* ViewModel */ = {
			isa = PBXGroup;
			children = (
				6DBDECC328BD33340057CA5C /* PageViewModel.swift */,
			);
			path = ViewModel;
			sourceTree = "<group>";
		};
		6DBDECC228BD32990057CA5C /* APIService */ = {
			isa = PBXGroup;
			children = (
				6DBDECBB28BD2E550057CA5C /* DatabaseLayer.swift */,
			);
			path = APIService;
			sourceTree = "<group>";
		};
		6DBDECC928BD73170057CA5C /* View */ = {
			isa = PBXGroup;
			children = (
				6DBDECC728BD73100057CA5C /* PageCollectionViewCell.swift */,
			);
			path = View;
			sourceTree = "<group>";
		};
		6DF51A97290602F000479E78 /* helper views */ = {
			isa = PBXGroup;
			children = (
				6DF51A902905FE5A00479E78 /* PencilDrawVC.swift */,
				6DF51A8F2905FE5A00479E78 /* Pencil.swift */,
				6DF51A912905FE5A00479E78 /* SettingsViewController.swift */,
			);
			path = "helper views";
			sourceTree = "<group>";
		};
/* End PBXGroup section */

/* Begin PBXNativeTarget section */
		6DBDEC6E28BD1E1B0057CA5C /* Notebook360 */ = {
			isa = PBXNativeTarget;
			buildConfigurationList = 6DBDEC9928BD1E1B0057CA5C /* Build configuration list for PBXNativeTarget "Notebook360" */;
			buildPhases = (
				780D995FDDC2477C8B82AB7F /* [CP] Check Pods Manifest.lock */,
				6DBDEC6B28BD1E1B0057CA5C /* Sources */,
				6DBDEC6C28BD1E1B0057CA5C /* Frameworks */,
				6DBDEC6D28BD1E1B0057CA5C /* Resources */,
				E3E41B2EAF4011BB1A306AAC /* [CP] Embed Pods Frameworks */,
			);
			buildRules = (
			);
			dependencies = (
			);
			name = Notebook360;
			packageProductDependencies = (
				6DBDECA528BD22F70057CA5C /* FirebaseAuth */,
				6DBDECA728BD22F70057CA5C /* FirebaseAuthCombine-Community */,
				6DBDECA928BD22F70057CA5C /* FirebaseDatabase */,
				6DBDECAB28BD22F70057CA5C /* FirebaseDatabaseSwift */,
				6DBDECAD28BD22F70057CA5C /* FirebaseFirestore */,
				6DBDECAF28BD22F70057CA5C /* FirebaseFirestoreSwift */,
				6DBDECB128BD22F70057CA5C /* FirebaseFunctions */,
				6DBDECB328BD22F70057CA5C /* FirebaseMessaging */,
				6DBDECB528BD22F70057CA5C /* FirebaseStorage */,
				6DBDECDB28BED6FD0057CA5C /* RichEditorView */,
			);
			productName = Notebook360;
			productReference = 6DBDEC6F28BD1E1B0057CA5C /* Notebook360.app */;
			productType = "com.apple.product-type.application";
		};
		6DBDEC8428BD1E1B0057CA5C /* Notebook360Tests */ = {
			isa = PBXNativeTarget;
			buildConfigurationList = 6DBDEC9C28BD1E1B0057CA5C /* Build configuration list for PBXNativeTarget "Notebook360Tests" */;
			buildPhases = (
				4F6B8389348265519FD274A9 /* [CP] Check Pods Manifest.lock */,
				6DBDEC8128BD1E1B0057CA5C /* Sources */,
				6DBDEC8228BD1E1B0057CA5C /* Frameworks */,
				6DBDEC8328BD1E1B0057CA5C /* Resources */,
			);
			buildRules = (
			);
			dependencies = (
				6DBDEC8728BD1E1B0057CA5C /* PBXTargetDependency */,
			);
			name = Notebook360Tests;
			productName = Notebook360Tests;
			productReference = 6DBDEC8528BD1E1B0057CA5C /* Notebook360Tests.xctest */;
			productType = "com.apple.product-type.bundle.unit-test";
		};
		6DBDEC8E28BD1E1B0057CA5C /* Notebook360UITests */ = {
			isa = PBXNativeTarget;
			buildConfigurationList = 6DBDEC9F28BD1E1B0057CA5C /* Build configuration list for PBXNativeTarget "Notebook360UITests" */;
			buildPhases = (
				559F3DCD24FCD991F538112A /* [CP] Check Pods Manifest.lock */,
				6DBDEC8B28BD1E1B0057CA5C /* Sources */,
				6DBDEC8C28BD1E1B0057CA5C /* Frameworks */,
				6DBDEC8D28BD1E1B0057CA5C /* Resources */,
				4374A58E3B86DEBD7E600E94 /* [CP] Embed Pods Frameworks */,
			);
			buildRules = (
			);
			dependencies = (
				6DBDEC9128BD1E1B0057CA5C /* PBXTargetDependency */,
			);
			name = Notebook360UITests;
			productName = Notebook360UITests;
			productReference = 6DBDEC8F28BD1E1B0057CA5C /* Notebook360UITests.xctest */;
			productType = "com.apple.product-type.bundle.ui-testing";
		};
/* End PBXNativeTarget section */

/* Begin PBXProject section */
		6DBDEC6728BD1E1A0057CA5C /* Project object */ = {
			isa = PBXProject;
			attributes = {
				BuildIndependentTargetsInParallel = 1;
				LastSwiftUpdateCheck = 1340;
				LastUpgradeCheck = 1340;
				TargetAttributes = {
					6DBDEC6E28BD1E1B0057CA5C = {
						CreatedOnToolsVersion = 13.4.1;
					};
					6DBDEC8428BD1E1B0057CA5C = {
						CreatedOnToolsVersion = 13.4.1;
						TestTargetID = 6DBDEC6E28BD1E1B0057CA5C;
					};
					6DBDEC8E28BD1E1B0057CA5C = {
						CreatedOnToolsVersion = 13.4.1;
						TestTargetID = 6DBDEC6E28BD1E1B0057CA5C;
					};
				};
			};
			buildConfigurationList = 6DBDEC6A28BD1E1A0057CA5C /* Build configuration list for PBXProject "Notebook360" */;
			compatibilityVersion = "Xcode 13.0";
			developmentRegion = en;
			hasScannedForEncodings = 0;
			knownRegions = (
				en,
				Base,
			);
			mainGroup = 6DBDEC6628BD1E1A0057CA5C;
			packageReferences = (
				6DBDECA428BD22F60057CA5C /* XCRemoteSwiftPackageReference "firebase-ios-sdk" */,
				6DBDECDA28BED6FD0057CA5C /* XCRemoteSwiftPackageReference "RichEditorView" */,
			);
			productRefGroup = 6DBDEC7028BD1E1B0057CA5C /* Products */;
			projectDirPath = "";
			projectRoot = "";
			targets = (
				6DBDEC6E28BD1E1B0057CA5C /* Notebook360 */,
				6DBDEC8428BD1E1B0057CA5C /* Notebook360Tests */,
				6DBDEC8E28BD1E1B0057CA5C /* Notebook360UITests */,
			);
		};
/* End PBXProject section */

/* Begin PBXResourcesBuildPhase section */
		6DBDEC6D28BD1E1B0057CA5C /* Resources */ = {
			isa = PBXResourcesBuildPhase;
			buildActionMask = 2147483647;
			files = (
				6DBDEC7F28BD1E1B0057CA5C /* LaunchScreen.storyboard in Resources */,
				6DBDECBA28BD29490057CA5C /* GoogleService-Info.plist in Resources */,
				6DBDEC7C28BD1E1B0057CA5C /* Assets.xcassets in Resources */,
				6DBDEC7A28BD1E1B0057CA5C /* Main.storyboard in Resources */,
			);
			runOnlyForDeploymentPostprocessing = 0;
		};
		6DBDEC8328BD1E1B0057CA5C /* Resources */ = {
			isa = PBXResourcesBuildPhase;
			buildActionMask = 2147483647;
			files = (
			);
			runOnlyForDeploymentPostprocessing = 0;
		};
		6DBDEC8D28BD1E1B0057CA5C /* Resources */ = {
			isa = PBXResourcesBuildPhase;
			buildActionMask = 2147483647;
			files = (
			);
			runOnlyForDeploymentPostprocessing = 0;
		};
/* End PBXResourcesBuildPhase section */

/* Begin PBXShellScriptBuildPhase section */
		4374A58E3B86DEBD7E600E94 /* [CP] Embed Pods Frameworks */ = {
			isa = PBXShellScriptBuildPhase;
			buildActionMask = 2147483647;
			files = (
			);
			inputFileListPaths = (
				"${PODS_ROOT}/Target Support Files/Pods-Notebook360-Notebook360UITests/Pods-Notebook360-Notebook360UITests-frameworks-${CONFIGURATION}-input-files.xcfilelist",
			);
			name = "[CP] Embed Pods Frameworks";
			outputFileListPaths = (
				"${PODS_ROOT}/Target Support Files/Pods-Notebook360-Notebook360UITests/Pods-Notebook360-Notebook360UITests-frameworks-${CONFIGURATION}-output-files.xcfilelist",
			);
			runOnlyForDeploymentPostprocessing = 0;
			shellPath = /bin/sh;
			shellScript = "\"${PODS_ROOT}/Target Support Files/Pods-Notebook360-Notebook360UITests/Pods-Notebook360-Notebook360UITests-frameworks.sh\"\n";
			showEnvVarsInLog = 0;
		};
		4F6B8389348265519FD274A9 /* [CP] Check Pods Manifest.lock */ = {
			isa = PBXShellScriptBuildPhase;
			buildActionMask = 2147483647;
			files = (
			);
			inputFileListPaths = (
			);
			inputPaths = (
				"${PODS_PODFILE_DIR_PATH}/Podfile.lock",
				"${PODS_ROOT}/Manifest.lock",
			);
			name = "[CP] Check Pods Manifest.lock";
			outputFileListPaths = (
			);
			outputPaths = (
				"$(DERIVED_FILE_DIR)/Pods-Notebook360Tests-checkManifestLockResult.txt",
			);
			runOnlyForDeploymentPostprocessing = 0;
			shellPath = /bin/sh;
			shellScript = "diff \"${PODS_PODFILE_DIR_PATH}/Podfile.lock\" \"${PODS_ROOT}/Manifest.lock\" > /dev/null\nif [ $? != 0 ] ; then\n    # print error to STDERR\n    echo \"error: The sandbox is not in sync with the Podfile.lock. Run 'pod install' or update your CocoaPods installation.\" >&2\n    exit 1\nfi\n# This output is used by Xcode 'outputs' to avoid re-running this script phase.\necho \"SUCCESS\" > \"${SCRIPT_OUTPUT_FILE_0}\"\n";
			showEnvVarsInLog = 0;
		};
		559F3DCD24FCD991F538112A /* [CP] Check Pods Manifest.lock */ = {
			isa = PBXShellScriptBuildPhase;
			buildActionMask = 2147483647;
			files = (
			);
			inputFileListPaths = (
			);
			inputPaths = (
				"${PODS_PODFILE_DIR_PATH}/Podfile.lock",
				"${PODS_ROOT}/Manifest.lock",
			);
			name = "[CP] Check Pods Manifest.lock";
			outputFileListPaths = (
			);
			outputPaths = (
				"$(DERIVED_FILE_DIR)/Pods-Notebook360-Notebook360UITests-checkManifestLockResult.txt",
			);
			runOnlyForDeploymentPostprocessing = 0;
			shellPath = /bin/sh;
			shellScript = "diff \"${PODS_PODFILE_DIR_PATH}/Podfile.lock\" \"${PODS_ROOT}/Manifest.lock\" > /dev/null\nif [ $? != 0 ] ; then\n    # print error to STDERR\n    echo \"error: The sandbox is not in sync with the Podfile.lock. Run 'pod install' or update your CocoaPods installation.\" >&2\n    exit 1\nfi\n# This output is used by Xcode 'outputs' to avoid re-running this script phase.\necho \"SUCCESS\" > \"${SCRIPT_OUTPUT_FILE_0}\"\n";
			showEnvVarsInLog = 0;
		};
		780D995FDDC2477C8B82AB7F /* [CP] Check Pods Manifest.lock */ = {
			isa = PBXShellScriptBuildPhase;
			buildActionMask = 2147483647;
			files = (
			);
			inputFileListPaths = (
			);
			inputPaths = (
				"${PODS_PODFILE_DIR_PATH}/Podfile.lock",
				"${PODS_ROOT}/Manifest.lock",
			);
			name = "[CP] Check Pods Manifest.lock";
			outputFileListPaths = (
			);
			outputPaths = (
				"$(DERIVED_FILE_DIR)/Pods-Notebook360-checkManifestLockResult.txt",
			);
			runOnlyForDeploymentPostprocessing = 0;
			shellPath = /bin/sh;
			shellScript = "diff \"${PODS_PODFILE_DIR_PATH}/Podfile.lock\" \"${PODS_ROOT}/Manifest.lock\" > /dev/null\nif [ $? != 0 ] ; then\n    # print error to STDERR\n    echo \"error: The sandbox is not in sync with the Podfile.lock. Run 'pod install' or update your CocoaPods installation.\" >&2\n    exit 1\nfi\n# This output is used by Xcode 'outputs' to avoid re-running this script phase.\necho \"SUCCESS\" > \"${SCRIPT_OUTPUT_FILE_0}\"\n";
			showEnvVarsInLog = 0;
		};
		E3E41B2EAF4011BB1A306AAC /* [CP] Embed Pods Frameworks */ = {
			isa = PBXShellScriptBuildPhase;
			buildActionMask = 2147483647;
			files = (
			);
			inputFileListPaths = (
				"${PODS_ROOT}/Target Support Files/Pods-Notebook360/Pods-Notebook360-frameworks-${CONFIGURATION}-input-files.xcfilelist",
			);
			name = "[CP] Embed Pods Frameworks";
			outputFileListPaths = (
				"${PODS_ROOT}/Target Support Files/Pods-Notebook360/Pods-Notebook360-frameworks-${CONFIGURATION}-output-files.xcfilelist",
			);
			runOnlyForDeploymentPostprocessing = 0;
			shellPath = /bin/sh;
			shellScript = "\"${PODS_ROOT}/Target Support Files/Pods-Notebook360/Pods-Notebook360-frameworks.sh\"\n";
			showEnvVarsInLog = 0;
		};
/* End PBXShellScriptBuildPhase section */

/* Begin PBXSourcesBuildPhase section */
		6DBDEC6B28BD1E1B0057CA5C /* Sources */ = {
			isa = PBXSourcesBuildPhase;
			buildActionMask = 2147483647;
			files = (
				6DBDEC7728BD1E1B0057CA5C /* HomeVC.swift in Sources */,
				6DF51A932905FE5A00479E78 /* PencilDrawVC.swift in Sources */,
				6D29E837290493A8009ECD55 /* CorePage+CoreDataClass.swift in Sources */,
				6DF51A942905FE5A00479E78 /* SettingsViewController.swift in Sources */,
				6D060C8428D36B2D00CBE45C /* Singleton.swift in Sources */,
				6D29E836290493A8009ECD55 /* CoreBook+CoreDataProperties.swift in Sources */,
				6DBDEC7328BD1E1B0057CA5C /* AppDelegate.swift in Sources */,
				6DBDECC828BD73100057CA5C /* PageCollectionViewCell.swift in Sources */,
				6DBDECC028BD325D0057CA5C /* Page.swift in Sources */,
				6D29E82829049085009ECD55 /* PersistentCoreModel.xcdatamodeld in Sources */,
				6DBDECC628BD6D620057CA5C /* Draw.swift in Sources */,
				6DBDECC428BD33340057CA5C /* PageViewModel.swift in Sources */,
				6DF51A962906029B00479E78 /* DrawTypeViewController.swift in Sources */,
				6D29E838290493A8009ECD55 /* CoreBook+CoreDataClass.swift in Sources */,
				6DBDECBC28BD2E550057CA5C /* DatabaseLayer.swift in Sources */,
				6D29E835290493A8009ECD55 /* CorePage+CoreDataProperties.swift in Sources */,
				6DBDECB828BD233B0057CA5C /* SignIn_SignUpVC.swift in Sources */,
				6DF51A922905FE5A00479E78 /* Pencil.swift in Sources */,
				6DBDECCD28BD7C8A0057CA5C /* TypeVC.swift in Sources */,
				6DBDEC7528BD1E1B0057CA5C /* SceneDelegate.swift in Sources */,
				6DBDECD128BD87860057CA5C /* DrawVC.swift in Sources */,
			);
			runOnlyForDeploymentPostprocessing = 0;
		};
		6DBDEC8128BD1E1B0057CA5C /* Sources */ = {
			isa = PBXSourcesBuildPhase;
			buildActionMask = 2147483647;
			files = (
				6DBDEC8A28BD1E1B0057CA5C /* Notebook360Tests.swift in Sources */,
			);
			runOnlyForDeploymentPostprocessing = 0;
		};
		6DBDEC8B28BD1E1B0057CA5C /* Sources */ = {
			isa = PBXSourcesBuildPhase;
			buildActionMask = 2147483647;
			files = (
				6DBDEC9428BD1E1B0057CA5C /* Notebook360UITests.swift in Sources */,
				6DBDEC9628BD1E1B0057CA5C /* Notebook360UITestsLaunchTests.swift in Sources */,
			);
			runOnlyForDeploymentPostprocessing = 0;
		};
/* End PBXSourcesBuildPhase section */

/* Begin PBXTargetDependency section */
		6DBDEC8728BD1E1B0057CA5C /* PBXTargetDependency */ = {
			isa = PBXTargetDependency;
			target = 6DBDEC6E28BD1E1B0057CA5C /* Notebook360 */;
			targetProxy = 6DBDEC8628BD1E1B0057CA5C /* PBXContainerItemProxy */;
		};
		6DBDEC9128BD1E1B0057CA5C /* PBXTargetDependency */ = {
			isa = PBXTargetDependency;
			target = 6DBDEC6E28BD1E1B0057CA5C /* Notebook360 */;
			targetProxy = 6DBDEC9028BD1E1B0057CA5C /* PBXContainerItemProxy */;
		};
/* End PBXTargetDependency section */

/* Begin PBXVariantGroup section */
		6DBDEC7828BD1E1B0057CA5C /* Main.storyboard */ = {
			isa = PBXVariantGroup;
			children = (
				6DBDEC7928BD1E1B0057CA5C /* Base */,
			);
			name = Main.storyboard;
			sourceTree = "<group>";
		};
		6DBDEC7D28BD1E1B0057CA5C /* LaunchScreen.storyboard */ = {
			isa = PBXVariantGroup;
			children = (
				6DBDEC7E28BD1E1B0057CA5C /* Base */,
			);
			name = LaunchScreen.storyboard;
			sourceTree = "<group>";
		};
/* End PBXVariantGroup section */

/* Begin XCBuildConfiguration section */
		6DBDEC9728BD1E1B0057CA5C /* Debug */ = {
			isa = XCBuildConfiguration;
			buildSettings = {
				ALWAYS_SEARCH_USER_PATHS = NO;
				CLANG_ANALYZER_NONNULL = YES;
				CLANG_ANALYZER_NUMBER_OBJECT_CONVERSION = YES_AGGRESSIVE;
				CLANG_CXX_LANGUAGE_STANDARD = "gnu++17";
				CLANG_ENABLE_MODULES = YES;
				CLANG_ENABLE_OBJC_ARC = YES;
				CLANG_ENABLE_OBJC_WEAK = YES;
				CLANG_WARN_BLOCK_CAPTURE_AUTORELEASING = YES;
				CLANG_WARN_BOOL_CONVERSION = YES;
				CLANG_WARN_COMMA = YES;
				CLANG_WARN_CONSTANT_CONVERSION = YES;
				CLANG_WARN_DEPRECATED_OBJC_IMPLEMENTATIONS = YES;
				CLANG_WARN_DIRECT_OBJC_ISA_USAGE = YES_ERROR;
				CLANG_WARN_DOCUMENTATION_COMMENTS = YES;
				CLANG_WARN_EMPTY_BODY = YES;
				CLANG_WARN_ENUM_CONVERSION = YES;
				CLANG_WARN_INFINITE_RECURSION = YES;
				CLANG_WARN_INT_CONVERSION = YES;
				CLANG_WARN_NON_LITERAL_NULL_CONVERSION = YES;
				CLANG_WARN_OBJC_IMPLICIT_RETAIN_SELF = YES;
				CLANG_WARN_OBJC_LITERAL_CONVERSION = YES;
				CLANG_WARN_OBJC_ROOT_CLASS = YES_ERROR;
				CLANG_WARN_QUOTED_INCLUDE_IN_FRAMEWORK_HEADER = YES;
				CLANG_WARN_RANGE_LOOP_ANALYSIS = YES;
				CLANG_WARN_STRICT_PROTOTYPES = YES;
				CLANG_WARN_SUSPICIOUS_MOVE = YES;
				CLANG_WARN_UNGUARDED_AVAILABILITY = YES_AGGRESSIVE;
				CLANG_WARN_UNREACHABLE_CODE = YES;
				CLANG_WARN__DUPLICATE_METHOD_MATCH = YES;
				COPY_PHASE_STRIP = NO;
				DEBUG_INFORMATION_FORMAT = dwarf;
				ENABLE_STRICT_OBJC_MSGSEND = YES;
				ENABLE_TESTABILITY = YES;
				GCC_C_LANGUAGE_STANDARD = gnu11;
				GCC_DYNAMIC_NO_PIC = NO;
				GCC_NO_COMMON_BLOCKS = YES;
				GCC_OPTIMIZATION_LEVEL = 0;
				GCC_PREPROCESSOR_DEFINITIONS = (
					"DEBUG=1",
					"$(inherited)",
				);
				GCC_WARN_64_TO_32_BIT_CONVERSION = YES;
				GCC_WARN_ABOUT_RETURN_TYPE = YES_ERROR;
				GCC_WARN_UNDECLARED_SELECTOR = YES;
				GCC_WARN_UNINITIALIZED_AUTOS = YES_AGGRESSIVE;
				GCC_WARN_UNUSED_FUNCTION = YES;
				GCC_WARN_UNUSED_VARIABLE = YES;
				IPHONEOS_DEPLOYMENT_TARGET = 15.0;
				MTL_ENABLE_DEBUG_INFO = INCLUDE_SOURCE;
				MTL_FAST_MATH = YES;
				ONLY_ACTIVE_ARCH = YES;
				SDKROOT = iphoneos;
				SWIFT_ACTIVE_COMPILATION_CONDITIONS = DEBUG;
				SWIFT_OPTIMIZATION_LEVEL = "-Onone";
			};
			name = Debug;
		};
		6DBDEC9828BD1E1B0057CA5C /* Release */ = {
			isa = XCBuildConfiguration;
			buildSettings = {
				ALWAYS_SEARCH_USER_PATHS = NO;
				CLANG_ANALYZER_NONNULL = YES;
				CLANG_ANALYZER_NUMBER_OBJECT_CONVERSION = YES_AGGRESSIVE;
				CLANG_CXX_LANGUAGE_STANDARD = "gnu++17";
				CLANG_ENABLE_MODULES = YES;
				CLANG_ENABLE_OBJC_ARC = YES;
				CLANG_ENABLE_OBJC_WEAK = YES;
				CLANG_WARN_BLOCK_CAPTURE_AUTORELEASING = YES;
				CLANG_WARN_BOOL_CONVERSION = YES;
				CLANG_WARN_COMMA = YES;
				CLANG_WARN_CONSTANT_CONVERSION = YES;
				CLANG_WARN_DEPRECATED_OBJC_IMPLEMENTATIONS = YES;
				CLANG_WARN_DIRECT_OBJC_ISA_USAGE = YES_ERROR;
				CLANG_WARN_DOCUMENTATION_COMMENTS = YES;
				CLANG_WARN_EMPTY_BODY = YES;
				CLANG_WARN_ENUM_CONVERSION = YES;
				CLANG_WARN_INFINITE_RECURSION = YES;
				CLANG_WARN_INT_CONVERSION = YES;
				CLANG_WARN_NON_LITERAL_NULL_CONVERSION = YES;
				CLANG_WARN_OBJC_IMPLICIT_RETAIN_SELF = YES;
				CLANG_WARN_OBJC_LITERAL_CONVERSION = YES;
				CLANG_WARN_OBJC_ROOT_CLASS = YES_ERROR;
				CLANG_WARN_QUOTED_INCLUDE_IN_FRAMEWORK_HEADER = YES;
				CLANG_WARN_RANGE_LOOP_ANALYSIS = YES;
				CLANG_WARN_STRICT_PROTOTYPES = YES;
				CLANG_WARN_SUSPICIOUS_MOVE = YES;
				CLANG_WARN_UNGUARDED_AVAILABILITY = YES_AGGRESSIVE;
				CLANG_WARN_UNREACHABLE_CODE = YES;
				CLANG_WARN__DUPLICATE_METHOD_MATCH = YES;
				COPY_PHASE_STRIP = NO;
				DEBUG_INFORMATION_FORMAT = "dwarf-with-dsym";
				ENABLE_NS_ASSERTIONS = NO;
				ENABLE_STRICT_OBJC_MSGSEND = YES;
				GCC_C_LANGUAGE_STANDARD = gnu11;
				GCC_NO_COMMON_BLOCKS = YES;
				GCC_WARN_64_TO_32_BIT_CONVERSION = YES;
				GCC_WARN_ABOUT_RETURN_TYPE = YES_ERROR;
				GCC_WARN_UNDECLARED_SELECTOR = YES;
				GCC_WARN_UNINITIALIZED_AUTOS = YES_AGGRESSIVE;
				GCC_WARN_UNUSED_FUNCTION = YES;
				GCC_WARN_UNUSED_VARIABLE = YES;
				IPHONEOS_DEPLOYMENT_TARGET = 15.0;
				MTL_ENABLE_DEBUG_INFO = NO;
				MTL_FAST_MATH = YES;
				SDKROOT = iphoneos;
				SWIFT_COMPILATION_MODE = wholemodule;
				SWIFT_OPTIMIZATION_LEVEL = "-O";
				VALIDATE_PRODUCT = YES;
			};
			name = Release;
		};
		6DBDEC9A28BD1E1B0057CA5C /* Debug */ = {
			isa = XCBuildConfiguration;
			baseConfigurationReference = E03156E0E59A07E7AB36D960 /* Pods-Notebook360.debug.xcconfig */;
			buildSettings = {
				ASSETCATALOG_COMPILER_APPICON_NAME = AppIcon;
				ASSETCATALOG_COMPILER_GLOBAL_ACCENT_COLOR_NAME = AccentColor;
				CODE_SIGN_STYLE = Automatic;
				CURRENT_PROJECT_VERSION = 12;
				DEVELOPMENT_TEAM = F2B5QD97WH;
				GENERATE_INFOPLIST_FILE = YES;
				INFOPLIST_FILE = Notebook360/Info.plist;
				INFOPLIST_KEY_CFBundleDisplayName = "360 Notebooks";
				INFOPLIST_KEY_NSPhotoLibraryAddUsageDescription = "Permission needed to save your writings to your phone";
				INFOPLIST_KEY_NSRemindersUsageDescription = "Permission to remind you of your notes";
				INFOPLIST_KEY_UIApplicationSupportsIndirectInputEvents = YES;
				INFOPLIST_KEY_UILaunchStoryboardName = LaunchScreen;
				INFOPLIST_KEY_UIMainStoryboardFile = Main;
				INFOPLIST_KEY_UISupportedInterfaceOrientations = UIInterfaceOrientationPortrait;
				INFOPLIST_KEY_UISupportedInterfaceOrientations_iPad = "UIInterfaceOrientationPortrait UIInterfaceOrientationPortraitUpsideDown UIInterfaceOrientationLandscapeLeft UIInterfaceOrientationLandscapeRight";
				INFOPLIST_KEY_UISupportedInterfaceOrientations_iPhone = "UIInterfaceOrientationPortrait UIInterfaceOrientationLandscapeLeft UIInterfaceOrientationLandscapeRight";
				IPHONEOS_DEPLOYMENT_TARGET = 13.4;
				LD_RUNPATH_SEARCH_PATHS = (
					"$(inherited)",
					"@executable_path/Frameworks",
				);
				MARKETING_VERSION = 1.0;
				PRODUCT_BUNDLE_IDENTIFIER = RaycorpLLC.NotebookThreeSixty;
				PRODUCT_NAME = "$(TARGET_NAME)";
				SWIFT_EMIT_LOC_STRINGS = YES;
				SWIFT_VERSION = 5.0;
				TARGETED_DEVICE_FAMILY = "1,2";
			};
			name = Debug;
		};
		6DBDEC9B28BD1E1B0057CA5C /* Release */ = {
			isa = XCBuildConfiguration;
			baseConfigurationReference = 19FCA3E982E42298247FF359 /* Pods-Notebook360.release.xcconfig */;
			buildSettings = {
				ASSETCATALOG_COMPILER_APPICON_NAME = AppIcon;
				ASSETCATALOG_COMPILER_GLOBAL_ACCENT_COLOR_NAME = AccentColor;
				CODE_SIGN_STYLE = Automatic;
				CURRENT_PROJECT_VERSION = 12;
				DEVELOPMENT_TEAM = F2B5QD97WH;
				GENERATE_INFOPLIST_FILE = YES;
				INFOPLIST_FILE = Notebook360/Info.plist;
				INFOPLIST_KEY_CFBundleDisplayName = "360 Notebooks";
				INFOPLIST_KEY_NSPhotoLibraryAddUsageDescription = "Permission needed to save your writings to your phone";
				INFOPLIST_KEY_NSRemindersUsageDescription = "Permission to remind you of your notes";
				INFOPLIST_KEY_UIApplicationSupportsIndirectInputEvents = YES;
				INFOPLIST_KEY_UILaunchStoryboardName = LaunchScreen;
				INFOPLIST_KEY_UIMainStoryboardFile = Main;
				INFOPLIST_KEY_UISupportedInterfaceOrientations = UIInterfaceOrientationPortrait;
				INFOPLIST_KEY_UISupportedInterfaceOrientations_iPad = "UIInterfaceOrientationPortrait UIInterfaceOrientationPortraitUpsideDown UIInterfaceOrientationLandscapeLeft UIInterfaceOrientationLandscapeRight";
				INFOPLIST_KEY_UISupportedInterfaceOrientations_iPhone = "UIInterfaceOrientationPortrait UIInterfaceOrientationLandscapeLeft UIInterfaceOrientationLandscapeRight";
				IPHONEOS_DEPLOYMENT_TARGET = 13.4;
				LD_RUNPATH_SEARCH_PATHS = (
					"$(inherited)",
					"@executable_path/Frameworks",
				);
				MARKETING_VERSION = 1.0;
				PRODUCT_BUNDLE_IDENTIFIER = RaycorpLLC.NotebookThreeSixty;
				PRODUCT_NAME = "$(TARGET_NAME)";
				SWIFT_EMIT_LOC_STRINGS = YES;
				SWIFT_VERSION = 5.0;
				TARGETED_DEVICE_FAMILY = "1,2";
			};
			name = Release;
		};
		6DBDEC9D28BD1E1B0057CA5C /* Debug */ = {
			isa = XCBuildConfiguration;
			baseConfigurationReference = 8D7FAB1F095D2DAEB07AE76D /* Pods-Notebook360Tests.debug.xcconfig */;
			buildSettings = {
				ALWAYS_EMBED_SWIFT_STANDARD_LIBRARIES = YES;
				BUNDLE_LOADER = "$(TEST_HOST)";
				CODE_SIGN_STYLE = Automatic;
				CURRENT_PROJECT_VERSION = 1;
				DEVELOPMENT_TEAM = F2B5QD97WH;
				GENERATE_INFOPLIST_FILE = YES;
				IPHONEOS_DEPLOYMENT_TARGET = 15.5;
				MARKETING_VERSION = 1.0;
				PRODUCT_BUNDLE_IDENTIFIER = RaycorpLLC.Notebook360Tests;
				PRODUCT_NAME = "$(TARGET_NAME)";
				SWIFT_EMIT_LOC_STRINGS = NO;
				SWIFT_VERSION = 5.0;
				TARGETED_DEVICE_FAMILY = "1,2";
				TEST_HOST = "$(BUILT_PRODUCTS_DIR)/Notebook360.app/Notebook360";
			};
			name = Debug;
		};
		6DBDEC9E28BD1E1B0057CA5C /* Release */ = {
			isa = XCBuildConfiguration;
			baseConfigurationReference = 11835CC6DA39B4232E5BF4DA /* Pods-Notebook360Tests.release.xcconfig */;
			buildSettings = {
				ALWAYS_EMBED_SWIFT_STANDARD_LIBRARIES = YES;
				BUNDLE_LOADER = "$(TEST_HOST)";
				CODE_SIGN_STYLE = Automatic;
				CURRENT_PROJECT_VERSION = 1;
				DEVELOPMENT_TEAM = F2B5QD97WH;
				GENERATE_INFOPLIST_FILE = YES;
				IPHONEOS_DEPLOYMENT_TARGET = 15.5;
				MARKETING_VERSION = 1.0;
				PRODUCT_BUNDLE_IDENTIFIER = RaycorpLLC.Notebook360Tests;
				PRODUCT_NAME = "$(TARGET_NAME)";
				SWIFT_EMIT_LOC_STRINGS = NO;
				SWIFT_VERSION = 5.0;
				TARGETED_DEVICE_FAMILY = "1,2";
				TEST_HOST = "$(BUILT_PRODUCTS_DIR)/Notebook360.app/Notebook360";
			};
			name = Release;
		};
		6DBDECA028BD1E1B0057CA5C /* Debug */ = {
			isa = XCBuildConfiguration;
			baseConfigurationReference = F28775DA1FAA2FF1388F59C9 /* Pods-Notebook360-Notebook360UITests.debug.xcconfig */;
			buildSettings = {
				ALWAYS_EMBED_SWIFT_STANDARD_LIBRARIES = YES;
				CODE_SIGN_STYLE = Automatic;
				CURRENT_PROJECT_VERSION = 1;
				DEVELOPMENT_TEAM = F2B5QD97WH;
				GENERATE_INFOPLIST_FILE = YES;
				MARKETING_VERSION = 1.0;
				PRODUCT_BUNDLE_IDENTIFIER = RaycorpLLC.Notebook360UITests;
				PRODUCT_NAME = "$(TARGET_NAME)";
				SWIFT_EMIT_LOC_STRINGS = NO;
				SWIFT_VERSION = 5.0;
				TARGETED_DEVICE_FAMILY = "1,2";
				TEST_TARGET_NAME = Notebook360;
			};
			name = Debug;
		};
		6DBDECA128BD1E1B0057CA5C /* Release */ = {
			isa = XCBuildConfiguration;
			baseConfigurationReference = 614B5A33DC15119F2B4EBA5E /* Pods-Notebook360-Notebook360UITests.release.xcconfig */;
			buildSettings = {
				ALWAYS_EMBED_SWIFT_STANDARD_LIBRARIES = YES;
				CODE_SIGN_STYLE = Automatic;
				CURRENT_PROJECT_VERSION = 1;
				DEVELOPMENT_TEAM = F2B5QD97WH;
				GENERATE_INFOPLIST_FILE = YES;
				MARKETING_VERSION = 1.0;
				PRODUCT_BUNDLE_IDENTIFIER = RaycorpLLC.Notebook360UITests;
				PRODUCT_NAME = "$(TARGET_NAME)";
				SWIFT_EMIT_LOC_STRINGS = NO;
				SWIFT_VERSION = 5.0;
				TARGETED_DEVICE_FAMILY = "1,2";
				TEST_TARGET_NAME = Notebook360;
			};
			name = Release;
		};
/* End XCBuildConfiguration section */

/* Begin XCConfigurationList section */
		6DBDEC6A28BD1E1A0057CA5C /* Build configuration list for PBXProject "Notebook360" */ = {
			isa = XCConfigurationList;
			buildConfigurations = (
				6DBDEC9728BD1E1B0057CA5C /* Debug */,
				6DBDEC9828BD1E1B0057CA5C /* Release */,
			);
			defaultConfigurationIsVisible = 0;
			defaultConfigurationName = Release;
		};
		6DBDEC9928BD1E1B0057CA5C /* Build configuration list for PBXNativeTarget "Notebook360" */ = {
			isa = XCConfigurationList;
			buildConfigurations = (
				6DBDEC9A28BD1E1B0057CA5C /* Debug */,
				6DBDEC9B28BD1E1B0057CA5C /* Release */,
			);
			defaultConfigurationIsVisible = 0;
			defaultConfigurationName = Release;
		};
		6DBDEC9C28BD1E1B0057CA5C /* Build configuration list for PBXNativeTarget "Notebook360Tests" */ = {
			isa = XCConfigurationList;
			buildConfigurations = (
				6DBDEC9D28BD1E1B0057CA5C /* Debug */,
				6DBDEC9E28BD1E1B0057CA5C /* Release */,
			);
			defaultConfigurationIsVisible = 0;
			defaultConfigurationName = Release;
		};
		6DBDEC9F28BD1E1B0057CA5C /* Build configuration list for PBXNativeTarget "Notebook360UITests" */ = {
			isa = XCConfigurationList;
			buildConfigurations = (
				6DBDECA028BD1E1B0057CA5C /* Debug */,
				6DBDECA128BD1E1B0057CA5C /* Release */,
			);
			defaultConfigurationIsVisible = 0;
			defaultConfigurationName = Release;
		};
/* End XCConfigurationList section */

/* Begin XCRemoteSwiftPackageReference section */
		6DBDECA428BD22F60057CA5C /* XCRemoteSwiftPackageReference "firebase-ios-sdk" */ = {
			isa = XCRemoteSwiftPackageReference;
			repositoryURL = "https://github.com/firebase/firebase-ios-sdk";
			requirement = {
				kind = upToNextMajorVersion;
				minimumVersion = 9.0.0;
			};
		};
		6DBDECDA28BED6FD0057CA5C /* XCRemoteSwiftPackageReference "RichEditorView" */ = {
			isa = XCRemoteSwiftPackageReference;
			repositoryURL = "https://github.com/Andrew-Chen-Wang/RichEditorView.git";
			requirement = {
				branch = master;
				kind = branch;
			};
		};
/* End XCRemoteSwiftPackageReference section */

/* Begin XCSwiftPackageProductDependency section */
		6DBDECA528BD22F70057CA5C /* FirebaseAuth */ = {
			isa = XCSwiftPackageProductDependency;
			package = 6DBDECA428BD22F60057CA5C /* XCRemoteSwiftPackageReference "firebase-ios-sdk" */;
			productName = FirebaseAuth;
		};
		6DBDECA728BD22F70057CA5C /* FirebaseAuthCombine-Community */ = {
			isa = XCSwiftPackageProductDependency;
			package = 6DBDECA428BD22F60057CA5C /* XCRemoteSwiftPackageReference "firebase-ios-sdk" */;
			productName = "FirebaseAuthCombine-Community";
		};
		6DBDECA928BD22F70057CA5C /* FirebaseDatabase */ = {
			isa = XCSwiftPackageProductDependency;
			package = 6DBDECA428BD22F60057CA5C /* XCRemoteSwiftPackageReference "firebase-ios-sdk" */;
			productName = FirebaseDatabase;
		};
		6DBDECAB28BD22F70057CA5C /* FirebaseDatabaseSwift */ = {
			isa = XCSwiftPackageProductDependency;
			package = 6DBDECA428BD22F60057CA5C /* XCRemoteSwiftPackageReference "firebase-ios-sdk" */;
			productName = FirebaseDatabaseSwift;
		};
		6DBDECAD28BD22F70057CA5C /* FirebaseFirestore */ = {
			isa = XCSwiftPackageProductDependency;
			package = 6DBDECA428BD22F60057CA5C /* XCRemoteSwiftPackageReference "firebase-ios-sdk" */;
			productName = FirebaseFirestore;
		};
		6DBDECAF28BD22F70057CA5C /* FirebaseFirestoreSwift */ = {
			isa = XCSwiftPackageProductDependency;
			package = 6DBDECA428BD22F60057CA5C /* XCRemoteSwiftPackageReference "firebase-ios-sdk" */;
			productName = FirebaseFirestoreSwift;
		};
		6DBDECB128BD22F70057CA5C /* FirebaseFunctions */ = {
			isa = XCSwiftPackageProductDependency;
			package = 6DBDECA428BD22F60057CA5C /* XCRemoteSwiftPackageReference "firebase-ios-sdk" */;
			productName = FirebaseFunctions;
		};
		6DBDECB328BD22F70057CA5C /* FirebaseMessaging */ = {
			isa = XCSwiftPackageProductDependency;
			package = 6DBDECA428BD22F60057CA5C /* XCRemoteSwiftPackageReference "firebase-ios-sdk" */;
			productName = FirebaseMessaging;
		};
		6DBDECB528BD22F70057CA5C /* FirebaseStorage */ = {
			isa = XCSwiftPackageProductDependency;
			package = 6DBDECA428BD22F60057CA5C /* XCRemoteSwiftPackageReference "firebase-ios-sdk" */;
			productName = FirebaseStorage;
		};
		6DBDECDB28BED6FD0057CA5C /* RichEditorView */ = {
			isa = XCSwiftPackageProductDependency;
			package = 6DBDECDA28BED6FD0057CA5C /* XCRemoteSwiftPackageReference "RichEditorView" */;
			productName = RichEditorView;
		};
/* End XCSwiftPackageProductDependency section */

/* Begin XCVersionGroup section */
		6D29E82629049085009ECD55 /* PersistentCoreModel.xcdatamodeld */ = {
			isa = XCVersionGroup;
			children = (
				6D29E82729049085009ECD55 /* PersistentCoreModel.xcdatamodel */,
			);
			currentVersion = 6D29E82729049085009ECD55 /* PersistentCoreModel.xcdatamodel */;
			path = PersistentCoreModel.xcdatamodeld;
			sourceTree = "<group>";
			versionGroupType = wrapper.xcdatamodel;
		};
/* End XCVersionGroup section */
	};
	rootObject = 6DBDEC6728BD1E1A0057CA5C /* Project object */;
}
